// !$*UTF8*$!
{
	archiveVersion = 1;
	classes = {
	};
	objectVersion = 77;
	objects = {

/* Begin PBXBuildFile section */
		D05A74892C9D41BF00810840 /* SwiftHelpers in Frameworks */ = {isa = PBXBuildFile; productRef = D05A74882C9D41BF00810840 /* SwiftHelpers */; };
/* End PBXBuildFile section */

/* Begin PBXContainerItemProxy section */
		D05A743F2C9C299500810840 /* PBXContainerItemProxy */ = {
			isa = PBXContainerItemProxy;
			containerPortal = D05A74202C9C299300810840 /* Project object */;
			proxyType = 1;
			remoteGlobalIDString = D05A74272C9C299300810840;
			remoteInfo = "it16th-webauthn-frontend";
		};
		D05A74492C9C299500810840 /* PBXContainerItemProxy */ = {
			isa = PBXContainerItemProxy;
			containerPortal = D05A74202C9C299300810840 /* Project object */;
			proxyType = 1;
			remoteGlobalIDString = D05A74272C9C299300810840;
			remoteInfo = "it16th-webauthn-frontend";
		};
/* End PBXContainerItemProxy section */

/* Begin PBXFileReference section */
		D05A74282C9C299300810840 /* it16th-webauthn-frontend.app */ = {isa = PBXFileReference; explicitFileType = wrapper.application; includeInIndex = 0; path = "it16th-webauthn-frontend.app"; sourceTree = BUILT_PRODUCTS_DIR; };
		D05A743E2C9C299500810840 /* it16th-webauthn-frontendTests.xctest */ = {isa = PBXFileReference; explicitFileType = wrapper.cfbundle; includeInIndex = 0; path = "it16th-webauthn-frontendTests.xctest"; sourceTree = BUILT_PRODUCTS_DIR; };
		D05A74482C9C299500810840 /* it16th-webauthn-frontendUITests.xctest */ = {isa = PBXFileReference; explicitFileType = wrapper.cfbundle; includeInIndex = 0; path = "it16th-webauthn-frontendUITests.xctest"; sourceTree = BUILT_PRODUCTS_DIR; };
/* End PBXFileReference section */

/* Begin PBXFileSystemSynchronizedBuildFileExceptionSet section */
		D05A74502C9C299500810840 /* Exceptions for "it16th-webauthn-frontend" folder in "it16th-webauthn-frontend" target */ = {
			isa = PBXFileSystemSynchronizedBuildFileExceptionSet;
			membershipExceptions = (
				Configurations/Info.plist,
			);
			target = D05A74272C9C299300810840 /* it16th-webauthn-frontend */;
		};
/* End PBXFileSystemSynchronizedBuildFileExceptionSet section */

/* Begin PBXFileSystemSynchronizedRootGroup section */
		D05A742A2C9C299300810840 /* it16th-webauthn-frontend */ = {
			isa = PBXFileSystemSynchronizedRootGroup;
			exceptions = (
				D05A74502C9C299500810840 /* Exceptions for "it16th-webauthn-frontend" folder in "it16th-webauthn-frontend" target */,
			);
			path = "it16th-webauthn-frontend";
			sourceTree = "<group>";
		};
		D05A74412C9C299500810840 /* it16th-webauthn-frontendTests */ = {
			isa = PBXFileSystemSynchronizedRootGroup;
			path = "it16th-webauthn-frontendTests";
			sourceTree = "<group>";
		};
		D05A744B2C9C299500810840 /* it16th-webauthn-frontendUITests */ = {
			isa = PBXFileSystemSynchronizedRootGroup;
			path = "it16th-webauthn-frontendUITests";
			sourceTree = "<group>";
		};
/* End PBXFileSystemSynchronizedRootGroup section */

/* Begin PBXFrameworksBuildPhase section */
		D05A74252C9C299300810840 /* Frameworks */ = {
			isa = PBXFrameworksBuildPhase;
			buildActionMask = 2147483647;
			files = (
				D05A74892C9D41BF00810840 /* SwiftHelpers in Frameworks */,
			);
			runOnlyForDeploymentPostprocessing = 0;
		};
		D05A743B2C9C299500810840 /* Frameworks */ = {
			isa = PBXFrameworksBuildPhase;
			buildActionMask = 2147483647;
			files = (
			);
			runOnlyForDeploymentPostprocessing = 0;
		};
		D05A74452C9C299500810840 /* Frameworks */ = {
			isa = PBXFrameworksBuildPhase;
			buildActionMask = 2147483647;
			files = (
			);
			runOnlyForDeploymentPostprocessing = 0;
		};
/* End PBXFrameworksBuildPhase section */

/* Begin PBXGroup section */
		D05A741F2C9C299300810840 = {
			isa = PBXGroup;
			children = (
				D05A742A2C9C299300810840 /* it16th-webauthn-frontend */,
				D05A74412C9C299500810840 /* it16th-webauthn-frontendTests */,
				D05A744B2C9C299500810840 /* it16th-webauthn-frontendUITests */,
				D05A74842C9D415400810840 /* Frameworks */,
				D05A74292C9C299300810840 /* Products */,
			);
			sourceTree = "<group>";
		};
		D05A74292C9C299300810840 /* Products */ = {
			isa = PBXGroup;
			children = (
				D05A74282C9C299300810840 /* it16th-webauthn-frontend.app */,
				D05A743E2C9C299500810840 /* it16th-webauthn-frontendTests.xctest */,
				D05A74482C9C299500810840 /* it16th-webauthn-frontendUITests.xctest */,
			);
			name = Products;
			sourceTree = "<group>";
		};
		D05A74842C9D415400810840 /* Frameworks */ = {
			isa = PBXGroup;
			children = (
			);
			name = Frameworks;
			sourceTree = "<group>";
		};
/* End PBXGroup section */

/* Begin PBXNativeTarget section */
		D05A74272C9C299300810840 /* it16th-webauthn-frontend */ = {
			isa = PBXNativeTarget;
			buildConfigurationList = D05A74512C9C299500810840 /* Build configuration list for PBXNativeTarget "it16th-webauthn-frontend" */;
			buildPhases = (
				D05A74242C9C299300810840 /* Sources */,
				D05A74252C9C299300810840 /* Frameworks */,
				D05A74262C9C299300810840 /* Resources */,
			);
			buildRules = (
			);
			dependencies = (
			);
			fileSystemSynchronizedGroups = (
				D05A742A2C9C299300810840 /* it16th-webauthn-frontend */,
			);
			name = "it16th-webauthn-frontend";
			packageProductDependencies = (
				D05A74882C9D41BF00810840 /* SwiftHelpers */,
			);
			productName = "it16th-webauthn-frontend";
			productReference = D05A74282C9C299300810840 /* it16th-webauthn-frontend.app */;
			productType = "com.apple.product-type.application";
		};
		D05A743D2C9C299500810840 /* it16th-webauthn-frontendTests */ = {
			isa = PBXNativeTarget;
			buildConfigurationList = D05A74562C9C299500810840 /* Build configuration list for PBXNativeTarget "it16th-webauthn-frontendTests" */;
			buildPhases = (
				D05A743A2C9C299500810840 /* Sources */,
				D05A743B2C9C299500810840 /* Frameworks */,
				D05A743C2C9C299500810840 /* Resources */,
			);
			buildRules = (
			);
			dependencies = (
				D05A74402C9C299500810840 /* PBXTargetDependency */,
			);
			fileSystemSynchronizedGroups = (
				D05A74412C9C299500810840 /* it16th-webauthn-frontendTests */,
			);
			name = "it16th-webauthn-frontendTests";
			packageProductDependencies = (
			);
			productName = "it16th-webauthn-frontendTests";
			productReference = D05A743E2C9C299500810840 /* it16th-webauthn-frontendTests.xctest */;
			productType = "com.apple.product-type.bundle.unit-test";
		};
		D05A74472C9C299500810840 /* it16th-webauthn-frontendUITests */ = {
			isa = PBXNativeTarget;
			buildConfigurationList = D05A74592C9C299500810840 /* Build configuration list for PBXNativeTarget "it16th-webauthn-frontendUITests" */;
			buildPhases = (
				D05A74442C9C299500810840 /* Sources */,
				D05A74452C9C299500810840 /* Frameworks */,
				D05A74462C9C299500810840 /* Resources */,
			);
			buildRules = (
			);
			dependencies = (
				D05A744A2C9C299500810840 /* PBXTargetDependency */,
			);
			fileSystemSynchronizedGroups = (
				D05A744B2C9C299500810840 /* it16th-webauthn-frontendUITests */,
			);
			name = "it16th-webauthn-frontendUITests";
			packageProductDependencies = (
			);
			productName = "it16th-webauthn-frontendUITests";
			productReference = D05A74482C9C299500810840 /* it16th-webauthn-frontendUITests.xctest */;
			productType = "com.apple.product-type.bundle.ui-testing";
		};
/* End PBXNativeTarget section */

/* Begin PBXProject section */
		D05A74202C9C299300810840 /* Project object */ = {
			isa = PBXProject;
			attributes = {
				BuildIndependentTargetsInParallel = 1;
				LastSwiftUpdateCheck = 1600;
				LastUpgradeCheck = 1600;
				TargetAttributes = {
					D05A74272C9C299300810840 = {
						CreatedOnToolsVersion = 16.0;
					};
					D05A743D2C9C299500810840 = {
						CreatedOnToolsVersion = 16.0;
						TestTargetID = D05A74272C9C299300810840;
					};
					D05A74472C9C299500810840 = {
						CreatedOnToolsVersion = 16.0;
						TestTargetID = D05A74272C9C299300810840;
					};
				};
			};
			buildConfigurationList = D05A74232C9C299300810840 /* Build configuration list for PBXProject "it16th-webauthn-frontend" */;
			developmentRegion = en;
			hasScannedForEncodings = 0;
			knownRegions = (
				en,
				Base,
			);
			mainGroup = D05A741F2C9C299300810840;
			minimizedProjectReferenceProxies = 1;
			packageReferences = (
				D05A74872C9D41BF00810840 /* XCRemoteSwiftPackageReference "SwiftHelpers" */,
			);
			preferredProjectObjectVersion = 77;
			productRefGroup = D05A74292C9C299300810840 /* Products */;
			projectDirPath = "";
			projectRoot = "";
			targets = (
				D05A74272C9C299300810840 /* it16th-webauthn-frontend */,
				D05A743D2C9C299500810840 /* it16th-webauthn-frontendTests */,
				D05A74472C9C299500810840 /* it16th-webauthn-frontendUITests */,
			);
		};
/* End PBXProject section */

/* Begin PBXResourcesBuildPhase section */
		D05A74262C9C299300810840 /* Resources */ = {
			isa = PBXResourcesBuildPhase;
			buildActionMask = 2147483647;
			files = (
			);
			runOnlyForDeploymentPostprocessing = 0;
		};
		D05A743C2C9C299500810840 /* Resources */ = {
			isa = PBXResourcesBuildPhase;
			buildActionMask = 2147483647;
			files = (
			);
			runOnlyForDeploymentPostprocessing = 0;
		};
		D05A74462C9C299500810840 /* Resources */ = {
			isa = PBXResourcesBuildPhase;
			buildActionMask = 2147483647;
			files = (
			);
			runOnlyForDeploymentPostprocessing = 0;
		};
/* End PBXResourcesBuildPhase section */

/* Begin PBXSourcesBuildPhase section */
		D05A74242C9C299300810840 /* Sources */ = {
			isa = PBXSourcesBuildPhase;
			buildActionMask = 2147483647;
			files = (
			);
			runOnlyForDeploymentPostprocessing = 0;
		};
		D05A743A2C9C299500810840 /* Sources */ = {
			isa = PBXSourcesBuildPhase;
			buildActionMask = 2147483647;
			files = (
			);
			runOnlyForDeploymentPostprocessing = 0;
		};
		D05A74442C9C299500810840 /* Sources */ = {
			isa = PBXSourcesBuildPhase;
			buildActionMask = 2147483647;
			files = (
			);
			runOnlyForDeploymentPostprocessing = 0;
		};
/* End PBXSourcesBuildPhase section */

/* Begin PBXTargetDependency section */
		D05A74402C9C299500810840 /* PBXTargetDependency */ = {
			isa = PBXTargetDependency;
			target = D05A74272C9C299300810840 /* it16th-webauthn-frontend */;
			targetProxy = D05A743F2C9C299500810840 /* PBXContainerItemProxy */;
		};
		D05A744A2C9C299500810840 /* PBXTargetDependency */ = {
			isa = PBXTargetDependency;
			target = D05A74272C9C299300810840 /* it16th-webauthn-frontend */;
			targetProxy = D05A74492C9C299500810840 /* PBXContainerItemProxy */;
		};
/* End PBXTargetDependency section */

/* Begin XCBuildConfiguration section */
		D05A74522C9C299500810840 /* Debug */ = {
			isa = XCBuildConfiguration;
			buildSettings = {
				ASSETCATALOG_COMPILER_APPICON_NAME = AppIcon;
				ASSETCATALOG_COMPILER_GLOBAL_ACCENT_COLOR_NAME = AccentColor;
				CODE_SIGN_ENTITLEMENTS = "it16th-webauthn-frontend/Configurations/it16th-webauthn-frontend.entitlements";
				CODE_SIGN_STYLE = Automatic;
				CURRENT_PROJECT_VERSION = 1;
				DEVELOPMENT_TEAM = S8FBP4YLUA;
				GENERATE_INFOPLIST_FILE = YES;
				INFOPLIST_FILE = "it16th-webauthn-frontend/Configurations/Info.plist";
				INFOPLIST_KEY_UIApplicationSupportsIndirectInputEvents = YES;
				INFOPLIST_KEY_UILaunchStoryboardName = LaunchScreen;
				INFOPLIST_KEY_UISupportedInterfaceOrientations = UIInterfaceOrientationPortrait;
				IPHONEOS_DEPLOYMENT_TARGET = 17.4;
				LD_RUNPATH_SEARCH_PATHS = (
					"$(inherited)",
					"@executable_path/Frameworks",
				);
				MARKETING_VERSION = 1.0;
				PRODUCT_BUNDLE_IDENTIFIER = "com.leoho.it16th-webauthn-frontend";
				PRODUCT_NAME = "$(TARGET_NAME)";
				SWIFT_EMIT_LOC_STRINGS = YES;
				SWIFT_VERSION = 6.0;
				TARGETED_DEVICE_FAMILY = "1,2";
			};
			name = Debug;
		};
		D05A74532C9C299500810840 /* Release */ = {
			isa = XCBuildConfiguration;
			buildSettings = {
				ASSETCATALOG_COMPILER_APPICON_NAME = AppIcon;
				ASSETCATALOG_COMPILER_GLOBAL_ACCENT_COLOR_NAME = AccentColor;
				CODE_SIGN_ENTITLEMENTS = "it16th-webauthn-frontend/Configurations/it16th-webauthn-frontend.entitlements";
				CODE_SIGN_STYLE = Automatic;
				CURRENT_PROJECT_VERSION = 1;
				DEVELOPMENT_TEAM = S8FBP4YLUA;
				GENERATE_INFOPLIST_FILE = YES;
				INFOPLIST_FILE = "it16th-webauthn-frontend/Configurations/Info.plist";
				INFOPLIST_KEY_UIApplicationSupportsIndirectInputEvents = YES;
				INFOPLIST_KEY_UILaunchStoryboardName = LaunchScreen;
				INFOPLIST_KEY_UISupportedInterfaceOrientations = UIInterfaceOrientationPortrait;
				IPHONEOS_DEPLOYMENT_TARGET = 17.4;
				LD_RUNPATH_SEARCH_PATHS = (
					"$(inherited)",
					"@executable_path/Frameworks",
				);
				MARKETING_VERSION = 1.0;
				PRODUCT_BUNDLE_IDENTIFIER = "com.leoho.it16th-webauthn-frontend";
				PRODUCT_NAME = "$(TARGET_NAME)";
				SWIFT_EMIT_LOC_STRINGS = YES;
				SWIFT_VERSION = 6.0;
				TARGETED_DEVICE_FAMILY = "1,2";
			};
			name = Release;
		};
		D05A74542C9C299500810840 /* Debug */ = {
			isa = XCBuildConfiguration;
			buildSettings = {
				ALWAYS_SEARCH_USER_PATHS = NO;
				ASSETCATALOG_COMPILER_GENERATE_SWIFT_ASSET_SYMBOL_EXTENSIONS = YES;
				CLANG_ANALYZER_NONNULL = YES;
				CLANG_ANALYZER_NUMBER_OBJECT_CONVERSION = YES_AGGRESSIVE;
				CLANG_CXX_LANGUAGE_STANDARD = "gnu++20";
				CLANG_ENABLE_MODULES = YES;
				CLANG_ENABLE_OBJC_ARC = YES;
				CLANG_ENABLE_OBJC_WEAK = YES;
				CLANG_WARN_BLOCK_CAPTURE_AUTORELEASING = YES;
				CLANG_WARN_BOOL_CONVERSION = YES;
				CLANG_WARN_COMMA = YES;
				CLANG_WARN_CONSTANT_CONVERSION = YES;
				CLANG_WARN_DEPRECATED_OBJC_IMPLEMENTATIONS = YES;
				CLANG_WARN_DIRECT_OBJC_ISA_USAGE = YES_ERROR;
				CLANG_WARN_DOCUMENTATION_COMMENTS = YES;
				CLANG_WARN_EMPTY_BODY = YES;
				CLANG_WARN_ENUM_CONVERSION = YES;
				CLANG_WARN_INFINITE_RECURSION = YES;
				CLANG_WARN_INT_CONVERSION = YES;
				CLANG_WARN_NON_LITERAL_NULL_CONVERSION = YES;
				CLANG_WARN_OBJC_IMPLICIT_RETAIN_SELF = YES;
				CLANG_WARN_OBJC_LITERAL_CONVERSION = YES;
				CLANG_WARN_OBJC_ROOT_CLASS = YES_ERROR;
				CLANG_WARN_QUOTED_INCLUDE_IN_FRAMEWORK_HEADER = YES;
				CLANG_WARN_RANGE_LOOP_ANALYSIS = YES;
				CLANG_WARN_STRICT_PROTOTYPES = YES;
				CLANG_WARN_SUSPICIOUS_MOVE = YES;
				CLANG_WARN_UNGUARDED_AVAILABILITY = YES_AGGRESSIVE;
				CLANG_WARN_UNREACHABLE_CODE = YES;
				CLANG_WARN__DUPLICATE_METHOD_MATCH = YES;
				COPY_PHASE_STRIP = NO;
				DEBUG_INFORMATION_FORMAT = dwarf;
				ENABLE_STRICT_OBJC_MSGSEND = YES;
				ENABLE_TESTABILITY = YES;
				ENABLE_USER_SCRIPT_SANDBOXING = YES;
				GCC_C_LANGUAGE_STANDARD = gnu17;
				GCC_DYNAMIC_NO_PIC = NO;
				GCC_NO_COMMON_BLOCKS = YES;
				GCC_OPTIMIZATION_LEVEL = 0;
				GCC_PREPROCESSOR_DEFINITIONS = (
					"DEBUG=1",
					"$(inherited)",
				);
				GCC_WARN_64_TO_32_BIT_CONVERSION = YES;
				GCC_WARN_ABOUT_RETURN_TYPE = YES_ERROR;
				GCC_WARN_UNDECLARED_SELECTOR = YES;
				GCC_WARN_UNINITIALIZED_AUTOS = YES_AGGRESSIVE;
				GCC_WARN_UNUSED_FUNCTION = YES;
				GCC_WARN_UNUSED_VARIABLE = YES;
				IPHONEOS_DEPLOYMENT_TARGET = 18.0;
				LOCALIZATION_PREFERS_STRING_CATALOGS = YES;
				MTL_ENABLE_DEBUG_INFO = INCLUDE_SOURCE;
				MTL_FAST_MATH = YES;
				ONLY_ACTIVE_ARCH = YES;
				SDKROOT = iphoneos;
				SWIFT_ACTIVE_COMPILATION_CONDITIONS = "DEBUG $(inherited)";
				SWIFT_OPTIMIZATION_LEVEL = "-Onone";
			};
			name = Debug;
		};
		D05A74552C9C299500810840 /* Release */ = {
			isa = XCBuildConfiguration;
			buildSettings = {
				ALWAYS_SEARCH_USER_PATHS = NO;
				ASSETCATALOG_COMPILER_GENERATE_SWIFT_ASSET_SYMBOL_EXTENSIONS = YES;
				CLANG_ANALYZER_NONNULL = YES;
				CLANG_ANALYZER_NUMBER_OBJECT_CONVERSION = YES_AGGRESSIVE;
				CLANG_CXX_LANGUAGE_STANDARD = "gnu++20";
				CLANG_ENABLE_MODULES = YES;
				CLANG_ENABLE_OBJC_ARC = YES;
				CLANG_ENABLE_OBJC_WEAK = YES;
				CLANG_WARN_BLOCK_CAPTURE_AUTORELEASING = YES;
				CLANG_WARN_BOOL_CONVERSION = YES;
				CLANG_WARN_COMMA = YES;
				CLANG_WARN_CONSTANT_CONVERSION = YES;
				CLANG_WARN_DEPRECATED_OBJC_IMPLEMENTATIONS = YES;
				CLANG_WARN_DIRECT_OBJC_ISA_USAGE = YES_ERROR;
				CLANG_WARN_DOCUMENTATION_COMMENTS = YES;
				CLANG_WARN_EMPTY_BODY = YES;
				CLANG_WARN_ENUM_CONVERSION = YES;
				CLANG_WARN_INFINITE_RECURSION = YES;
				CLANG_WARN_INT_CONVERSION = YES;
				CLANG_WARN_NON_LITERAL_NULL_CONVERSION = YES;
				CLANG_WARN_OBJC_IMPLICIT_RETAIN_SELF = YES;
				CLANG_WARN_OBJC_LITERAL_CONVERSION = YES;
				CLANG_WARN_OBJC_ROOT_CLASS = YES_ERROR;
				CLANG_WARN_QUOTED_INCLUDE_IN_FRAMEWORK_HEADER = YES;
				CLANG_WARN_RANGE_LOOP_ANALYSIS = YES;
				CLANG_WARN_STRICT_PROTOTYPES = YES;
				CLANG_WARN_SUSPICIOUS_MOVE = YES;
				CLANG_WARN_UNGUARDED_AVAILABILITY = YES_AGGRESSIVE;
				CLANG_WARN_UNREACHABLE_CODE = YES;
				CLANG_WARN__DUPLICATE_METHOD_MATCH = YES;
				COPY_PHASE_STRIP = NO;
				DEBUG_INFORMATION_FORMAT = "dwarf-with-dsym";
				ENABLE_NS_ASSERTIONS = NO;
				ENABLE_STRICT_OBJC_MSGSEND = YES;
				ENABLE_USER_SCRIPT_SANDBOXING = YES;
				GCC_C_LANGUAGE_STANDARD = gnu17;
				GCC_NO_COMMON_BLOCKS = YES;
				GCC_WARN_64_TO_32_BIT_CONVERSION = YES;
				GCC_WARN_ABOUT_RETURN_TYPE = YES_ERROR;
				GCC_WARN_UNDECLARED_SELECTOR = YES;
				GCC_WARN_UNINITIALIZED_AUTOS = YES_AGGRESSIVE;
				GCC_WARN_UNUSED_FUNCTION = YES;
				GCC_WARN_UNUSED_VARIABLE = YES;
				IPHONEOS_DEPLOYMENT_TARGET = 18.0;
				LOCALIZATION_PREFERS_STRING_CATALOGS = YES;
				MTL_ENABLE_DEBUG_INFO = NO;
				MTL_FAST_MATH = YES;
				SDKROOT = iphoneos;
				SWIFT_COMPILATION_MODE = wholemodule;
				VALIDATE_PRODUCT = YES;
			};
			name = Release;
		};
		D05A74572C9C299500810840 /* Debug */ = {
			isa = XCBuildConfiguration;
			buildSettings = {
				BUNDLE_LOADER = "$(TEST_HOST)";
				CODE_SIGN_STYLE = Automatic;
				CURRENT_PROJECT_VERSION = 1;
				DEVELOPMENT_TEAM = S8FBP4YLUA;
				GENERATE_INFOPLIST_FILE = YES;
				IPHONEOS_DEPLOYMENT_TARGET = 18.0;
				MARKETING_VERSION = 1.0;
				PRODUCT_BUNDLE_IDENTIFIER = "com.leoho.it16th-webauthn-frontendTests";
				PRODUCT_NAME = "$(TARGET_NAME)";
				SWIFT_EMIT_LOC_STRINGS = NO;
				SWIFT_VERSION = 5.0;
				TARGETED_DEVICE_FAMILY = "1,2";
				TEST_HOST = "$(BUILT_PRODUCTS_DIR)/it16th-webauthn-frontend.app/$(BUNDLE_EXECUTABLE_FOLDER_PATH)/it16th-webauthn-frontend";
			};
			name = Debug;
		};
		D05A74582C9C299500810840 /* Release */ = {
			isa = XCBuildConfiguration;
			buildSettings = {
				BUNDLE_LOADER = "$(TEST_HOST)";
				CODE_SIGN_STYLE = Automatic;
				CURRENT_PROJECT_VERSION = 1;
				DEVELOPMENT_TEAM = S8FBP4YLUA;
				GENERATE_INFOPLIST_FILE = YES;
				IPHONEOS_DEPLOYMENT_TARGET = 18.0;
				MARKETING_VERSION = 1.0;
				PRODUCT_BUNDLE_IDENTIFIER = "com.leoho.it16th-webauthn-frontendTests";
				PRODUCT_NAME = "$(TARGET_NAME)";
				SWIFT_EMIT_LOC_STRINGS = NO;
				SWIFT_VERSION = 5.0;
				TARGETED_DEVICE_FAMILY = "1,2";
				TEST_HOST = "$(BUILT_PRODUCTS_DIR)/it16th-webauthn-frontend.app/$(BUNDLE_EXECUTABLE_FOLDER_PATH)/it16th-webauthn-frontend";
			};
			name = Release;
		};
		D05A745A2C9C299500810840 /* Debug */ = {
			isa = XCBuildConfiguration;
			buildSettings = {
				CODE_SIGN_STYLE = Automatic;
				CURRENT_PROJECT_VERSION = 1;
				DEVELOPMENT_TEAM = S8FBP4YLUA;
				GENERATE_INFOPLIST_FILE = YES;
				MARKETING_VERSION = 1.0;
				PRODUCT_BUNDLE_IDENTIFIER = "com.leoho.it16th-webauthn-frontendUITests";
				PRODUCT_NAME = "$(TARGET_NAME)";
				SWIFT_EMIT_LOC_STRINGS = NO;
				SWIFT_VERSION = 5.0;
				TARGETED_DEVICE_FAMILY = "1,2";
				TEST_TARGET_NAME = "it16th-webauthn-frontend";
			};
			name = Debug;
		};
		D05A745B2C9C299500810840 /* Release */ = {
			isa = XCBuildConfiguration;
			buildSettings = {
				CODE_SIGN_STYLE = Automatic;
				CURRENT_PROJECT_VERSION = 1;
				DEVELOPMENT_TEAM = S8FBP4YLUA;
				GENERATE_INFOPLIST_FILE = YES;
				MARKETING_VERSION = 1.0;
				PRODUCT_BUNDLE_IDENTIFIER = "com.leoho.it16th-webauthn-frontendUITests";
				PRODUCT_NAME = "$(TARGET_NAME)";
				SWIFT_EMIT_LOC_STRINGS = NO;
				SWIFT_VERSION = 5.0;
				TARGETED_DEVICE_FAMILY = "1,2";
				TEST_TARGET_NAME = "it16th-webauthn-frontend";
			};
			name = Release;
		};
/* End XCBuildConfiguration section */

/* Begin XCConfigurationList section */
		D05A74232C9C299300810840 /* Build configuration list for PBXProject "it16th-webauthn-frontend" */ = {
			isa = XCConfigurationList;
			buildConfigurations = (
				D05A74542C9C299500810840 /* Debug */,
				D05A74552C9C299500810840 /* Release */,
			);
			defaultConfigurationIsVisible = 0;
			defaultConfigurationName = Release;
		};
		D05A74512C9C299500810840 /* Build configuration list for PBXNativeTarget "it16th-webauthn-frontend" */ = {
			isa = XCConfigurationList;
			buildConfigurations = (
				D05A74522C9C299500810840 /* Debug */,
				D05A74532C9C299500810840 /* Release */,
			);
			defaultConfigurationIsVisible = 0;
			defaultConfigurationName = Release;
		};
		D05A74562C9C299500810840 /* Build configuration list for PBXNativeTarget "it16th-webauthn-frontendTests" */ = {
			isa = XCConfigurationList;
			buildConfigurations = (
				D05A74572C9C299500810840 /* Debug */,
				D05A74582C9C299500810840 /* Release */,
			);
			defaultConfigurationIsVisible = 0;
			defaultConfigurationName = Release;
		};
		D05A74592C9C299500810840 /* Build configuration list for PBXNativeTarget "it16th-webauthn-frontendUITests" */ = {
			isa = XCConfigurationList;
			buildConfigurations = (
				D05A745A2C9C299500810840 /* Debug */,
				D05A745B2C9C299500810840 /* Release */,
			);
			defaultConfigurationIsVisible = 0;
			defaultConfigurationName = Release;
		};
/* End XCConfigurationList section */

/* Begin XCRemoteSwiftPackageReference section */
		D05A74872C9D41BF00810840 /* XCRemoteSwiftPackageReference "SwiftHelpers" */ = {
			isa = XCRemoteSwiftPackageReference;
			repositoryURL = "https://github.com/leoho0722/SwiftHelpers.git";
			requirement = {
				kind = upToNextMajorVersion;
				minimumVersion = 0.1.0;
			};
		};
/* End XCRemoteSwiftPackageReference section */

/* Begin XCSwiftPackageProductDependency section */
		D05A74882C9D41BF00810840 /* SwiftHelpers */ = {
			isa = XCSwiftPackageProductDependency;
			package = D05A74872C9D41BF00810840 /* XCRemoteSwiftPackageReference "SwiftHelpers" */;
			productName = SwiftHelpers;
		};
/* End XCSwiftPackageProductDependency section */
	};
	rootObject = D05A74202C9C299300810840 /* Project object */;
}
